# Written by meadow. Commit this file: it is what makes a build on
# another machine the build you tested. Change it with `meadow update`.

version = 1

[[package]]
name = "Torch"
source = "git+https://github.com/mcdearman/MeadowTorch?version=0.3.0"
version = "0.3.0"
rev = "7a526954cd8fe9d2d7ff38a08fba262393f30097"
tree = "ed1738ed848f4ec29b75398ad4525e2ec71bd17a"
