# Written by meadow. Commit this file: it is what makes a build on
# another machine the build you tested. Change it with `meadow update`.

version = 1

[[package]]
name = "Torch"
source = "git+https://github.com/mcdearman/MeadowTorch?version=0.6.0"
version = "0.6.0"
rev = "8267f46f838c863ca273647f28186a1bf7e202e5"
tree = "5aef8be2c6331adf0ba42ac417cbc728e5322b04"
